github.com/BurntSushi/toml v1.0.0/go.mod h1:CxXYINrC8qIiEnFrOxCa7Jy5BFHlXnUU2pbicEuybxQ=
github.com/BurntSushi/toml v1.1.0 h1:ksErzDEI1khOiGPgpwuI7x2ebx/uXQNw7xJpn9Eq1+I=
github.com/BurntSushi/toml v1.1.0/go.mod h1:CxXYINrC8qIiEnFrOxCa7Jy5BFHlXnUU2pbicEuybxQ=
github.com/cpuguy83/go-md2man/v2 v2.0.1/go.mod h1:tgQtvFlXSQOSOSIRvRPT7W67SCa46tRHOmNcaadrF8o=
github.com/inconshreveable/mousetrap v1.0.0 h1:Z8tu5sraLXCXIcARxBp/8cbvlwVa7Z1NHg9XEKhtSvM=
github.com/inconshreveable/mousetrap v1.0.0/go.mod h1:PxqpIevigyE2G7u3NXJIT2ANytuPF1OarO4DADm73n8=
github.com/ncw/directio v1.0.5 h1:JSUBhdjEvVaJvOoyPAbcW0fnd0tvRXD76wEfZ1KcQz4=
github.com/ncw/directio v1.0.5/go.mod h1:rX/pKEYkOXBGOggmcyJeJGloCkleSvphPx2eV3t6ROk=
github.com/nixomose/blockdevicelib v0.0.0-20220529234758-de0e6ba9bdbe h1:bRwcrAffUgJtoaCcFHeS0D4NUOKeebKn/BLaBxvlZko=
github.com/nixomose/blockdevicelib v0.0.0-20220529234758-de0e6ba9bdbe/go.mod h1:NgP1MV+K+Yb3D89/nUbWXRnZThLCbff/RFwqKCcNzWs=
github.com/nixomose/nixomosegotools v0.0.0-20220312231817-39d97f1c54fb/go.mod h1:V0EBEyhB1erh7XB1PKZn/FoHo3ZjRbSDDsrEfvFHqnU=
github.com/nixomose/nixomosegotools v0.0.0-20220322001028-49b7a9e46605/go.mod h1:ouXZ5rL/dDEfRYeUHM64ORv/pn7gOveaJNnFBbhjRmE=
github.com/nixomose/nixomosegotools v0.0.0-20220529231952-c38fcdca5407 h1:YEPZvbm2ktNxhIM8VdpBoJmwOR/24UQFr90uktlxHNg=
github.com/nixomose/nixomosegotools v0.0.0-20220529231952-c38fcdca5407/go.mod h1:ouXZ5rL/dDEfRYeUHM64ORv/pn7gOveaJNnFBbhjRmE=
github.com/nixomose/stree_v v0.0.0-20220312232134-ff92bab3483a/go.mod h1:G+Ds1uWOPCajlmudgpBr+THqpqqLRu7uCRKy3+uqbBY=
github.com/nixomose/stree_v v0.0.0-20220325131532-73c23a4cac65/go.mod h1:SY0r+PENHWbWDJXTj5fAnIHP3mb9qNKhuKIWwKmxark=
github.com/nixomose/stree_v v0.0.0-20220325235237-0df69d1f28f6/go.mod h1:gO2QnwRGP4pGdahKpM4rgESVYj84oLjprILHPJX5GDo=
github.com/nixomose/stree_v v0.0.0-20220326002948-b8aa699f47e7/go.mod h1:2K36K7PchtFdWZuSCwp7LCDnI6Im4mT548/kCxOOX+k=
github.com/nixomose/stree_v v0.0.0-20220326003805-fa1a1f330ccf/go.mod h1:B1OL5A2Qi2lvi0l+Y/NocVujGYPpXBpMrKtpBxFzRus=
github.com/nixomose/stree_v v0.0.0-20220529231948-3e2b74a87afb/go.mod h1:bExtpZGqm2lOdAbaUcXV+PiyG3BIAGRMMjPqwjPRllQ=
github.com/nixomose/stree_v v0.0.0-20220529234753-57276d134ab1 h1:1rfOWp7e21SryzD/7HuDWlKKMF9OLyootFK2dltsUMg=
github.com/nixomose/stree_v v0.0.0-20220529234753-57276d134ab1/go.mod h1:Y/CJmEJMxJtTaz0/WYT725h/cvq1jUOtQT9AnGwY1xE=
github.com/nixomose/zosbd2goclient v0.0.0-20220322001035-31cc218acf23/go.mod h1:Wht6zyObN4w9bKEp2BFCXBMaM51VeVfMjKLEKpCG9CU=
github.com/nixomose/zosbd2goclient v0.0.0-20220325231123-4815aab59322/go.mod h1:uWyP4XblK0zesbjOQImK6ezReYRUF73k1SYBFXfpir8=
github.com/nixomose/zosbd2goclient v0.0.0-20220326002816-da45bc9f2937/go.mod h1:dGu0nB9bQBQs+FBEU7qYtXbT6q7+XA0jVUJfvoSlqqE=
github.com/nixomose/zosbd2goclient v0.0.0-20220326003447-fe029f570058/go.mod h1:kpn6RDH+gAxmTiQV8NOPOX8xQs1TMiQfZmPFsYr7kos=
github.com/nixomose/zosbd2goclient v0.0.0-20220326003838-cf8be100e949/go.mod h1:qOtQ+PNZMgosgH47qTDEDtykjFw9+i/4l8Hp6jtA5pI=
github.com/nixomose/zosbd2goclient v0.0.0-20220529231946-704ab2897783/go.mod h1:BvjRnd28ExNwtKRPiukRFfBJEfCcReqcJdF5T4EiSjs=
github.com/nixomose/zosbd2goclient v0.0.0-20220529234745-b751c582f005 h1:xPvWAIjjOsGrS5PE3Gjn023NwGAX6WHdiQTHm9z0A3E=
github.com/nixomose/zosbd2goclient v0.0.0-20220529234745-b751c582f005/go.mod h1:ORtNEsFMzLLcwtIPsBXthuRdV0oE7FfMENosLYWQ4MM=
github.com/russross/blackfriday/v2 v2.1.0/go.mod h1:+Rmxgy9KzJVeS9/2gXHxylqXiyQDYRxCVz55jmeOWTM=
github.com/spf13/cobra v1.4.0 h1:y+wJpx64xcgO1V+RcnwW0LEHxTKRi2ZDPSBjWnrg88Q=
github.com/spf13/cobra v1.4.0/go.mod h1:Wo4iy3BUC+X2Fybo0PDqwJIv3dNRiZLHQymsfxlB84g=
github.com/spf13/pflag v1.0.5 h1:iy+VFUOCP1a+8yFto/drg2CJ5u0yRoB7fZw3DKv/JXA=
github.com/spf13/pflag v1.0.5/go.mod h1:McXfInJRrz4CZXVZOBLb0bTZqETkiAhM9Iw0y3An2Bg=
golang.org/x/sys v0.0.0-20220310020820-b874c991c1a5/go.mod h1:oPkhp1MJrh7nUepCBck5+mAzfO9JrbApNNgaTdGDITg=
golang.org/x/sys v0.0.0-20220319134239-a9b59b0215f8/go.mod h1:oPkhp1MJrh7nUepCBck5+mAzfO9JrbApNNgaTdGDITg=
golang.org/x/sys v0.0.0-20220325203850-36772127a21f/go.mod h1:oPkhp1MJrh7nUepCBck5+mAzfO9JrbApNNgaTdGDITg=
golang.org/x/sys v0.0.0-20220403020550-483a9cbc67c0/go.mod h1:oPkhp1MJrh7nUepCBck5+mAzfO9JrbApNNgaTdGDITg=
golang.org/x/sys v0.0.0-20220520151302-bc2c85ada10a h1:dGzPydgVsqGcTRVwiLJ1jVbufYwmzD3LfVPLKsKg+0k=
golang.org/x/sys v0.0.0-20220520151302-bc2c85ada10a/go.mod h1:oPkhp1MJrh7nUepCBck5+mAzfO9JrbApNNgaTdGDITg=
gopkg.in/check.v1 v0.0.0-20161208181325-20d25e280405/go.mod h1:Co6ibVJAznAaIkqp8huTwlJQCZ016jof/cbN4VW5Yz0=
gopkg.in/yaml.v2 v2.4.0/go.mod h1:RDklbk79AGWmwhnvt/jBztapEOGDOx6ZbXqjP6csGnQ=
