github.com/BurntSushi/toml v1.1.0 h1:ksErzDEI1khOiGPgpwuI7x2ebx/uXQNw7xJpn9Eq1+I=
github.com/BurntSushi/toml v1.1.0/go.mod h1:CxXYINrC8qIiEnFrOxCa7Jy5BFHlXnUU2pbicEuybxQ=
github.com/cpuguy83/go-md2man/v2 v2.0.2/go.mod h1:tgQtvFlXSQOSOSIRvRPT7W67SCa46tRHOmNcaadrF8o=
github.com/inconshreveable/mousetrap v1.0.0/go.mod h1:PxqpIevigyE2G7u3NXJIT2ANytuPF1OarO4DADm73n8=
github.com/inconshreveable/mousetrap v1.0.1 h1:U3uMjPSQEBMNp1lFxmllqCPM6P5u/Xq7Pgzkat/bFNc=
github.com/inconshreveable/mousetrap v1.0.1/go.mod h1:vpF70FUmC8bwa3OWnCshd2FqLfsEA9PFc4w1p2J65bw=
github.com/ncw/directio v1.0.5 h1:JSUBhdjEvVaJvOoyPAbcW0fnd0tvRXD76wEfZ1KcQz4=
github.com/ncw/directio v1.0.5/go.mod h1:rX/pKEYkOXBGOggmcyJeJGloCkleSvphPx2eV3t6ROk=
github.com/nixomose/blockdevicelib v0.0.0-20220810000413-d9036b705e57 h1:m3CHpd9Eki5hrDGkZjfaK9J5SRAgHqATsseONdsOpe0=
github.com/nixomose/blockdevicelib v0.0.0-20220810000413-d9036b705e57/go.mod h1:dhB4F6DPaMFoq3mRB7kRYXkZcFn6ZWPQ/YlaXfG/7pg=
github.com/nixomose/nixomosegotools v0.0.0-20220601021307-4fef638de118 h1:P3rRcXQccmKLIL6M/Bf6CT++mlK5tLUNMQJTiABgI8o=
github.com/nixomose/nixomosegotools v0.0.0-20220601021307-4fef638de118/go.mod h1:dBOlDmzSf3z2BaH8feoB7Prtq6du/1z8QXib2bNFLRE=
github.com/nixomose/stree_v v0.0.0-20220601010258-cf6c88e1694e h1:jZGxAETlZQ5/JhgIOL3xSWTVQS+oDpvU3eAM9WfWMtg=
github.com/nixomose/stree_v v0.0.0-20220601010258-cf6c88e1694e/go.mod h1:RnIzoTz6RCQfYnpdfKvTdBNgNH8TokVscQkuW5gSepk=
github.com/nixomose/zosbd2goclient v0.0.0-20220531234136-1d6059846b15 h1:Gm1UJD5mt9Ig749MOOmA4YyJMc/kV4Iok+0qQ3fI5zg=
github.com/nixomose/zosbd2goclient v0.0.0-20220531234136-1d6059846b15/go.mod h1:lA5mLUMGTN51prj4gKdVbDQPtOwjOuEneZFYRhMEYI0=
github.com/russross/blackfriday/v2 v2.1.0/go.mod h1:+Rmxgy9KzJVeS9/2gXHxylqXiyQDYRxCVz55jmeOWTM=
github.com/spf13/cobra v1.5.0 h1:X+jTBEBqF0bHN+9cSMgmfuvv2VHJ9ezmFNf9Y/XstYU=
github.com/spf13/cobra v1.5.0/go.mod h1:dWXEIy2H428czQCjInthrTRUg7yKbok+2Qi/yBIJoUM=
github.com/spf13/pflag v1.0.5 h1:iy+VFUOCP1a+8yFto/drg2CJ5u0yRoB7fZw3DKv/JXA=
github.com/spf13/pflag v1.0.5/go.mod h1:McXfInJRrz4CZXVZOBLb0bTZqETkiAhM9Iw0y3An2Bg=
golang.org/x/sys v0.0.0-20220928140112-f11e5e49a4ec h1:BkDtF2Ih9xZ7le9ndzTA7KJow28VbQW3odyk/8drmuI=
golang.org/x/sys v0.0.0-20220928140112-f11e5e49a4ec/go.mod h1:oPkhp1MJrh7nUepCBck5+mAzfO9JrbApNNgaTdGDITg=
gopkg.in/check.v1 v0.0.0-20161208181325-20d25e280405/go.mod h1:Co6ibVJAznAaIkqp8huTwlJQCZ016jof/cbN4VW5Yz0=
gopkg.in/yaml.v2 v2.4.0/go.mod h1:RDklbk79AGWmwhnvt/jBztapEOGDOx6ZbXqjP6csGnQ=
